
Microsoft Visual Studio Solution File, Format Version 12.00
# Visual Studio Version 16
VisualStudioVersion = 16.0.31829.152
MinimumVisualStudioVersion = 10.0.40219.1
Project("{FAE04EC0-301F-11D3-BF4B-00C04F79EFBC}") = "FacturaWS", "FacturaWS\FacturaWS.csproj", "{BD6F685D-7510-4FF9-B333-4D942FE2A300}"
EndProject
Project("{FAE04EC0-301F-11D3-BF4B-00C04F79EFBC}") = "GesFactura", "GesFactura\GesFactura.csproj", "{2270AC17-CCB6-44D8-84D1-A64BC4308BB9}"
	ProjectSection(ProjectDependencies) = postProject
		{BD6F685D-7510-4FF9-B333-4D942FE2A300} = {BD6F685D-7510-4FF9-B333-4D942FE2A300}
	EndProjectSection
EndProject
Global
	GlobalSection(SolutionConfigurationPlatforms) = preSolution
		Debug|Any CPU = Debug|Any CPU
		Release|Any CPU = Release|Any CPU
	EndGlobalSection
	GlobalSection(ProjectConfigurationPlatforms) = postSolution
		{BD6F685D-7510-4FF9-B333-4D942FE2A300}.Debug|Any CPU.ActiveCfg = Debug|Any CPU
		{BD6F685D-7510-4FF9-B333-4D942FE2A300}.Debug|Any CPU.Build.0 = Debug|Any CPU
		{BD6F685D-7510-4FF9-B333-4D942FE2A300}.Release|Any CPU.ActiveCfg = Release|Any CPU
		{BD6F685D-7510-4FF9-B333-4D942FE2A300}.Release|Any CPU.Build.0 = Release|Any CPU
		{2270AC17-CCB6-44D8-84D1-A64BC4308BB9}.Debug|Any CPU.ActiveCfg = Debug|Any CPU
		{2270AC17-CCB6-44D8-84D1-A64BC4308BB9}.Debug|Any CPU.Build.0 = Debug|Any CPU
		{2270AC17-CCB6-44D8-84D1-A64BC4308BB9}.Release|Any CPU.ActiveCfg = Release|Any CPU
		{2270AC17-CCB6-44D8-84D1-A64BC4308BB9}.Release|Any CPU.Build.0 = Release|Any CPU
	EndGlobalSection
	GlobalSection(SolutionProperties) = preSolution
		HideSolutionNode = FALSE
	EndGlobalSection
	GlobalSection(ExtensibilityGlobals) = postSolution
		SolutionGuid = {680C22D1-77C5-4A89-8010-F15FBC1D923D}
	EndGlobalSection
EndGlobal
